
Microsoft Visual Studio Solution File, Format Version 12.00
# Visual Studio Version 16
VisualStudioVersion = 16.0.30907.101
MinimumVisualStudioVersion = 10.0.40219.1
Project("{FAE04EC0-301F-11D3-BF4B-00C04F79EFBC}") = "HRMS.BLL", "HRMS.BLL\HRMS.BLL.csproj", "{792D0EA0-B18B-4172-ACAF-F4AA80D6DDE8}"
EndProject
Project("{FAE04EC0-301F-11D3-BF4B-00C04F79EFBC}") = "HRMS.DALFactory", "HRMS.DALFactory\HRMS.DALFactory.csproj", "{958EFF51-FA04-42A9-A486-1BF2A764566E}"
EndProject
Project("{FAE04EC0-301F-11D3-BF4B-00C04F79EFBC}") = "HRMS.DBUtility", "HRMS.DBUtility\HRMS.DBUtility.csproj", "{4FA897A5-BBB9-42F6-8D83-50E8DFC92148}"
EndProject
Project("{FAE04EC0-301F-11D3-BF4B-00C04F79EFBC}") = "HRMS.IDAL", "HRMS.IDAL\HRMS.IDAL.csproj", "{3FD4676A-CDC6-4B7E-9C8C-E5C6B65E68FE}"
EndProject
Project("{FAE04EC0-301F-11D3-BF4B-00C04F79EFBC}") = "HRMS.Model", "HRMS.Model\HRMS.Model.csproj", "{06AFF239-642D-4A8C-9446-B84692C6884A}"
EndProject
Project("{FAE04EC0-301F-11D3-BF4B-00C04F79EFBC}") = "HRMS.SQLServerDAL", "HRMS.SQLServerDAL\HRMS.SQLServerDAL.csproj", "{B115D59F-8085-4BF0-B5CF-E07EFEFB54EB}"
EndProject
Project("{FAE04EC0-301F-11D3-BF4B-00C04F79EFBC}") = "HRMS.Common", "HRMS.Common\HRMS.Common.csproj", "{BE4C1C07-0C27-4802-9CB2-4AA4024EA5C0}"
EndProject
Project("{FAE04EC0-301F-11D3-BF4B-00C04F79EFBC}") = "HRMS.Web", "HRMS.Web\HRMS.Web.csproj", "{189D5134-DE6E-4F3A-978F-8258BD7E7228}"
EndProject
Project("{FAE04EC0-301F-11D3-BF4B-00C04F79EFBC}") = "HRMS.API", "HRMS.API\HRMS.API.csproj", "{FC1F23B5-5D89-49DA-B982-18515A3408F7}"
EndProject
Project("{FAE04EC0-301F-11D3-BF4B-00C04F79EFBC}") = "HRMS.APIModel", "HRMS.APIModel\HRMS.APIModel.csproj", "{1B5D8A60-CA5A-41E9-9F67-409BF8C2336A}"
EndProject
Project("{FAE04EC0-301F-11D3-BF4B-00C04F79EFBC}") = "HRMS.BPW", "HRMS.BPW\HRMS.BPW.csproj", "{4439DCAA-3DA0-47D2-90BE-C2E762C48651}"
EndProject
Project("{FAE04EC0-301F-11D3-BF4B-00C04F79EFBC}") = "HRMS.Public", "HRMS.Public\HRMS.Public.csproj", "{D5BC7209-12C1-4FCD-8A40-0E3B8E5A7D28}"
EndProject
Global
	GlobalSection(SolutionConfigurationPlatforms) = preSolution
		Debug|Any CPU = Debug|Any CPU
		Debug|x86 = Debug|x86
		Release|Any CPU = Release|Any CPU
		Release|x86 = Release|x86
	EndGlobalSection
	GlobalSection(ProjectConfigurationPlatforms) = postSolution
		{792D0EA0-B18B-4172-ACAF-F4AA80D6DDE8}.Debug|Any CPU.ActiveCfg = Debug|Any CPU
		{792D0EA0-B18B-4172-ACAF-F4AA80D6DDE8}.Debug|Any CPU.Build.0 = Debug|Any CPU
		{792D0EA0-B18B-4172-ACAF-F4AA80D6DDE8}.Debug|x86.ActiveCfg = Debug|Any CPU
		{792D0EA0-B18B-4172-ACAF-F4AA80D6DDE8}.Debug|x86.Build.0 = Debug|Any CPU
		{792D0EA0-B18B-4172-ACAF-F4AA80D6DDE8}.Release|Any CPU.ActiveCfg = Release|Any CPU
		{792D0EA0-B18B-4172-ACAF-F4AA80D6DDE8}.Release|Any CPU.Build.0 = Release|Any CPU
		{792D0EA0-B18B-4172-ACAF-F4AA80D6DDE8}.Release|x86.ActiveCfg = Release|Any CPU
		{792D0EA0-B18B-4172-ACAF-F4AA80D6DDE8}.Release|x86.Build.0 = Release|Any CPU
		{958EFF51-FA04-42A9-A486-1BF2A764566E}.Debug|Any CPU.ActiveCfg = Debug|Any CPU
		{958EFF51-FA04-42A9-A486-1BF2A764566E}.Debug|Any CPU.Build.0 = Debug|Any CPU
		{958EFF51-FA04-42A9-A486-1BF2A764566E}.Debug|x86.ActiveCfg = Debug|Any CPU
		{958EFF51-FA04-42A9-A486-1BF2A764566E}.Debug|x86.Build.0 = Debug|Any CPU
		{958EFF51-FA04-42A9-A486-1BF2A764566E}.Release|Any CPU.ActiveCfg = Release|Any CPU
		{958EFF51-FA04-42A9-A486-1BF2A764566E}.Release|Any CPU.Build.0 = Release|Any CPU
		{958EFF51-FA04-42A9-A486-1BF2A764566E}.Release|x86.ActiveCfg = Release|Any CPU
		{958EFF51-FA04-42A9-A486-1BF2A764566E}.Release|x86.Build.0 = Release|Any CPU
		{4FA897A5-BBB9-42F6-8D83-50E8DFC92148}.Debug|Any CPU.ActiveCfg = Debug|Any CPU
		{4FA897A5-BBB9-42F6-8D83-50E8DFC92148}.Debug|Any CPU.Build.0 = Debug|Any CPU
		{4FA897A5-BBB9-42F6-8D83-50E8DFC92148}.Debug|x86.ActiveCfg = Debug|Any CPU
		{4FA897A5-BBB9-42F6-8D83-50E8DFC92148}.Debug|x86.Build.0 = Debug|Any CPU
		{4FA897A5-BBB9-42F6-8D83-50E8DFC92148}.Release|Any CPU.ActiveCfg = Release|Any CPU
		{4FA897A5-BBB9-42F6-8D83-50E8DFC92148}.Release|Any CPU.Build.0 = Release|Any CPU
		{4FA897A5-BBB9-42F6-8D83-50E8DFC92148}.Release|x86.ActiveCfg = Release|Any CPU
		{4FA897A5-BBB9-42F6-8D83-50E8DFC92148}.Release|x86.Build.0 = Release|Any CPU
		{3FD4676A-CDC6-4B7E-9C8C-E5C6B65E68FE}.Debug|Any CPU.ActiveCfg = Debug|Any CPU
		{3FD4676A-CDC6-4B7E-9C8C-E5C6B65E68FE}.Debug|Any CPU.Build.0 = Debug|Any CPU
		{3FD4676A-CDC6-4B7E-9C8C-E5C6B65E68FE}.Debug|x86.ActiveCfg = Debug|Any CPU
		{3FD4676A-CDC6-4B7E-9C8C-E5C6B65E68FE}.Debug|x86.Build.0 = Debug|Any CPU
		{3FD4676A-CDC6-4B7E-9C8C-E5C6B65E68FE}.Release|Any CPU.ActiveCfg = Release|Any CPU
		{3FD4676A-CDC6-4B7E-9C8C-E5C6B65E68FE}.Release|Any CPU.Build.0 = Release|Any CPU
		{3FD4676A-CDC6-4B7E-9C8C-E5C6B65E68FE}.Release|x86.ActiveCfg = Release|Any CPU
		{3FD4676A-CDC6-4B7E-9C8C-E5C6B65E68FE}.Release|x86.Build.0 = Release|Any CPU
		{06AFF239-642D-4A8C-9446-B84692C6884A}.Debug|Any CPU.ActiveCfg = Debug|Any CPU
		{06AFF239-642D-4A8C-9446-B84692C6884A}.Debug|Any CPU.Build.0 = Debug|Any CPU
		{06AFF239-642D-4A8C-9446-B84692C6884A}.Debug|x86.ActiveCfg = Debug|Any CPU
		{06AFF239-642D-4A8C-9446-B84692C6884A}.Debug|x86.Build.0 = Debug|Any CPU
		{06AFF239-642D-4A8C-9446-B84692C6884A}.Release|Any CPU.ActiveCfg = Release|Any CPU
		{06AFF239-642D-4A8C-9446-B84692C6884A}.Release|Any CPU.Build.0 = Release|Any CPU
		{06AFF239-642D-4A8C-9446-B84692C6884A}.Release|x86.ActiveCfg = Release|Any CPU
		{06AFF239-642D-4A8C-9446-B84692C6884A}.Release|x86.Build.0 = Release|Any CPU
		{B115D59F-8085-4BF0-B5CF-E07EFEFB54EB}.Debug|Any CPU.ActiveCfg = Debug|Any CPU
		{B115D59F-8085-4BF0-B5CF-E07EFEFB54EB}.Debug|Any CPU.Build.0 = Debug|Any CPU
		{B115D59F-8085-4BF0-B5CF-E07EFEFB54EB}.Debug|x86.ActiveCfg = Debug|Any CPU
		{B115D59F-8085-4BF0-B5CF-E07EFEFB54EB}.Debug|x86.Build.0 = Debug|Any CPU
		{B115D59F-8085-4BF0-B5CF-E07EFEFB54EB}.Release|Any CPU.ActiveCfg = Release|Any CPU
		{B115D59F-8085-4BF0-B5CF-E07EFEFB54EB}.Release|Any CPU.Build.0 = Release|Any CPU
		{B115D59F-8085-4BF0-B5CF-E07EFEFB54EB}.Release|x86.ActiveCfg = Release|Any CPU
		{B115D59F-8085-4BF0-B5CF-E07EFEFB54EB}.Release|x86.Build.0 = Release|Any CPU
		{BE4C1C07-0C27-4802-9CB2-4AA4024EA5C0}.Debug|Any CPU.ActiveCfg = Debug|Any CPU
		{BE4C1C07-0C27-4802-9CB2-4AA4024EA5C0}.Debug|Any CPU.Build.0 = Debug|Any CPU
		{BE4C1C07-0C27-4802-9CB2-4AA4024EA5C0}.Debug|x86.ActiveCfg = Debug|Any CPU
		{BE4C1C07-0C27-4802-9CB2-4AA4024EA5C0}.Debug|x86.Build.0 = Debug|Any CPU
		{BE4C1C07-0C27-4802-9CB2-4AA4024EA5C0}.Release|Any CPU.ActiveCfg = Release|Any CPU
		{BE4C1C07-0C27-4802-9CB2-4AA4024EA5C0}.Release|Any CPU.Build.0 = Release|Any CPU
		{BE4C1C07-0C27-4802-9CB2-4AA4024EA5C0}.Release|x86.ActiveCfg = Release|Any CPU
		{BE4C1C07-0C27-4802-9CB2-4AA4024EA5C0}.Release|x86.Build.0 = Release|Any CPU
		{189D5134-DE6E-4F3A-978F-8258BD7E7228}.Debug|Any CPU.ActiveCfg = Debug|Any CPU
		{189D5134-DE6E-4F3A-978F-8258BD7E7228}.Debug|Any CPU.Build.0 = Debug|Any CPU
		{189D5134-DE6E-4F3A-978F-8258BD7E7228}.Debug|x86.ActiveCfg = Debug|Any CPU
		{189D5134-DE6E-4F3A-978F-8258BD7E7228}.Debug|x86.Build.0 = Debug|Any CPU
		{189D5134-DE6E-4F3A-978F-8258BD7E7228}.Release|Any CPU.ActiveCfg = Release|Any CPU
		{189D5134-DE6E-4F3A-978F-8258BD7E7228}.Release|Any CPU.Build.0 = Release|Any CPU
		{189D5134-DE6E-4F3A-978F-8258BD7E7228}.Release|x86.ActiveCfg = Release|Any CPU
		{189D5134-DE6E-4F3A-978F-8258BD7E7228}.Release|x86.Build.0 = Release|Any CPU
		{FC1F23B5-5D89-49DA-B982-18515A3408F7}.Debug|Any CPU.ActiveCfg = Debug|Any CPU
		{FC1F23B5-5D89-49DA-B982-18515A3408F7}.Debug|Any CPU.Build.0 = Debug|Any CPU
		{FC1F23B5-5D89-49DA-B982-18515A3408F7}.Debug|x86.ActiveCfg = Debug|Any CPU
		{FC1F23B5-5D89-49DA-B982-18515A3408F7}.Debug|x86.Build.0 = Debug|Any CPU
		{FC1F23B5-5D89-49DA-B982-18515A3408F7}.Release|Any CPU.ActiveCfg = Release|Any CPU
		{FC1F23B5-5D89-49DA-B982-18515A3408F7}.Release|Any CPU.Build.0 = Release|Any CPU
		{FC1F23B5-5D89-49DA-B982-18515A3408F7}.Release|x86.ActiveCfg = Release|Any CPU
		{FC1F23B5-5D89-49DA-B982-18515A3408F7}.Release|x86.Build.0 = Release|Any CPU
		{1B5D8A60-CA5A-41E9-9F67-409BF8C2336A}.Debug|Any CPU.ActiveCfg = Debug|Any CPU
		{1B5D8A60-CA5A-41E9-9F67-409BF8C2336A}.Debug|Any CPU.Build.0 = Debug|Any CPU
		{1B5D8A60-CA5A-41E9-9F67-409BF8C2336A}.Debug|x86.ActiveCfg = Debug|Any CPU
		{1B5D8A60-CA5A-41E9-9F67-409BF8C2336A}.Debug|x86.Build.0 = Debug|Any CPU
		{1B5D8A60-CA5A-41E9-9F67-409BF8C2336A}.Release|Any CPU.ActiveCfg = Release|Any CPU
		{1B5D8A60-CA5A-41E9-9F67-409BF8C2336A}.Release|Any CPU.Build.0 = Release|Any CPU
		{1B5D8A60-CA5A-41E9-9F67-409BF8C2336A}.Release|x86.ActiveCfg = Release|Any CPU
		{1B5D8A60-CA5A-41E9-9F67-409BF8C2336A}.Release|x86.Build.0 = Release|Any CPU
		{4439DCAA-3DA0-47D2-90BE-C2E762C48651}.Debug|Any CPU.ActiveCfg = Debug|Any CPU
		{4439DCAA-3DA0-47D2-90BE-C2E762C48651}.Debug|Any CPU.Build.0 = Debug|Any CPU
		{4439DCAA-3DA0-47D2-90BE-C2E762C48651}.Debug|x86.ActiveCfg = Debug|Any CPU
		{4439DCAA-3DA0-47D2-90BE-C2E762C48651}.Debug|x86.Build.0 = Debug|Any CPU
		{4439DCAA-3DA0-47D2-90BE-C2E762C48651}.Release|Any CPU.ActiveCfg = Release|Any CPU
		{4439DCAA-3DA0-47D2-90BE-C2E762C48651}.Release|Any CPU.Build.0 = Release|Any CPU
		{4439DCAA-3DA0-47D2-90BE-C2E762C48651}.Release|x86.ActiveCfg = Release|Any CPU
		{4439DCAA-3DA0-47D2-90BE-C2E762C48651}.Release|x86.Build.0 = Release|Any CPU
		{D5BC7209-12C1-4FCD-8A40-0E3B8E5A7D28}.Debug|Any CPU.ActiveCfg = Debug|Any CPU
		{D5BC7209-12C1-4FCD-8A40-0E3B8E5A7D28}.Debug|Any CPU.Build.0 = Debug|Any CPU
		{D5BC7209-12C1-4FCD-8A40-0E3B8E5A7D28}.Debug|x86.ActiveCfg = Debug|Any CPU
		{D5BC7209-12C1-4FCD-8A40-0E3B8E5A7D28}.Debug|x86.Build.0 = Debug|Any CPU
		{D5BC7209-12C1-4FCD-8A40-0E3B8E5A7D28}.Release|Any CPU.ActiveCfg = Release|Any CPU
		{D5BC7209-12C1-4FCD-8A40-0E3B8E5A7D28}.Release|Any CPU.Build.0 = Release|Any CPU
		{D5BC7209-12C1-4FCD-8A40-0E3B8E5A7D28}.Release|x86.ActiveCfg = Release|Any CPU
		{D5BC7209-12C1-4FCD-8A40-0E3B8E5A7D28}.Release|x86.Build.0 = Release|Any CPU
	EndGlobalSection
	GlobalSection(SolutionProperties) = preSolution
		HideSolutionNode = FALSE
	EndGlobalSection
	GlobalSection(ExtensibilityGlobals) = postSolution
		SolutionGuid = {AE0E40E1-16DD-4825-8398-035C05265FDB}
	EndGlobalSection
EndGlobal
